
Microsoft Visual Studio Solution File, Format Version 12.00
# Visual Studio 15
VisualStudioVersion = 15.0.28010.2046
MinimumVisualStudioVersion = 10.0.40219.1
Project("{FAE04EC0-301F-11D3-BF4B-00C04F79EFBC}") = "eTes Automator", "eTes Automator\eTes Automator.csproj", "{CBBD718D-0977-402F-8612-585024E39749}"
EndProject
Project("{54435603-DBB4-11D2-8724-00A0C9A8B90C}") = "eTes", "eTes Setup\eTes Setup.vdproj", "{7FD87868-DEE6-49E1-8A91-B9F578DD3798}"
EndProject
Global
	GlobalSection(SolutionConfigurationPlatforms) = preSolution
		All|Any CPU = All|Any CPU
		Debug|Any CPU = Debug|Any CPU
		Release|Any CPU = Release|Any CPU
	EndGlobalSection
	GlobalSection(ProjectConfigurationPlatforms) = postSolution
		{CBBD718D-0977-402F-8612-585024E39749}.All|Any CPU.ActiveCfg = Release|Any CPU
		{CBBD718D-0977-402F-8612-585024E39749}.All|Any CPU.Build.0 = Release|Any CPU
		{CBBD718D-0977-402F-8612-585024E39749}.Debug|Any CPU.ActiveCfg = Debug|Any CPU
		{CBBD718D-0977-402F-8612-585024E39749}.Debug|Any CPU.Build.0 = Debug|Any CPU
		{CBBD718D-0977-402F-8612-585024E39749}.Release|Any CPU.ActiveCfg = Release|Any CPU
		{CBBD718D-0977-402F-8612-585024E39749}.Release|Any CPU.Build.0 = Release|Any CPU
		{7FD87868-DEE6-49E1-8A91-B9F578DD3798}.All|Any CPU.ActiveCfg = Release
		{7FD87868-DEE6-49E1-8A91-B9F578DD3798}.All|Any CPU.Build.0 = Release
		{7FD87868-DEE6-49E1-8A91-B9F578DD3798}.Debug|Any CPU.ActiveCfg = Debug
		{7FD87868-DEE6-49E1-8A91-B9F578DD3798}.Release|Any CPU.ActiveCfg = Release
	EndGlobalSection
	GlobalSection(SolutionProperties) = preSolution
		HideSolutionNode = FALSE
	EndGlobalSection
	GlobalSection(ExtensibilityGlobals) = postSolution
		SolutionGuid = {80AF5DE8-0A61-40CA-8EBE-4951B670FD96}
	EndGlobalSection
EndGlobal
